// !$*UTF8*$!
{
	archiveVersion = 1;
	classes = {
	};
	objectVersion = 56;
	objects = {

/* Begin PBXBuildFile section */
		C007ADBF2BEBB22D005D6950 /* AppDelegate.swift in Sources */ = {isa = PBXBuildFile; fileRef = C007ADBE2BEBB22D005D6950 /* AppDelegate.swift */; };
		C007ADC12BEBB22D005D6950 /* SceneDelegate.swift in Sources */ = {isa = PBXBuildFile; fileRef = C007ADC02BEBB22D005D6950 /* SceneDelegate.swift */; };
		C007ADC32BEBB22D005D6950 /* Homepage.swift in Sources */ = {isa = PBXBuildFile; fileRef = C007ADC22BEBB22D005D6950 /* Homepage.swift */; };
		C007ADC62BEBB22D005D6950 /* Base in Resources */ = {isa = PBXBuildFile; fileRef = C007ADC52BEBB22D005D6950 /* Base */; };
		C007ADC82BEBB22F005D6950 /* Assets.xcassets in Resources */ = {isa = PBXBuildFile; fileRef = C007ADC72BEBB22F005D6950 /* Assets.xcassets */; };
		C007ADCB2BEBB22F005D6950 /* Base in Resources */ = {isa = PBXBuildFile; fileRef = C007ADCA2BEBB22F005D6950 /* Base */; };
		C007ADD72BEBB3F3005D6950 /* ContactRegisterVC.swift in Sources */ = {isa = PBXBuildFile; fileRef = C007ADD62BEBB3F3005D6950 /* ContactRegisterVC.swift */; };
		C007ADDA2BEBB470005D6950 /* ContactInfoVC.swift in Sources */ = {isa = PBXBuildFile; fileRef = C007ADD92BEBB470005D6950 /* ContactInfoVC.swift */; };
		C007ADDF2BEBC78E005D6950 /* ContactsCell.swift in Sources */ = {isa = PBXBuildFile; fileRef = C007ADDE2BEBC78E005D6950 /* ContactsCell.swift */; };
		C007ADE22BEBCC7A005D6950 /* Contacts.swift in Sources */ = {isa = PBXBuildFile; fileRef = C007ADE12BEBCC7A005D6950 /* Contacts.swift */; };
		C0C96B6B2BFCA1190012A9FE /* RxSwift in Frameworks */ = {isa = PBXBuildFile; productRef = C0C96B6A2BFCA1190012A9FE /* RxSwift */; };
		C0C96B6E2BFCA1AE0012A9FE /* ContactsRepository.swift in Sources */ = {isa = PBXBuildFile; fileRef = C0C96B6D2BFCA1AE0012A9FE /* ContactsRepository.swift */; };
		C0C96B712BFCA1F90012A9FE /* HomepageViewModel.swift in Sources */ = {isa = PBXBuildFile; fileRef = C0C96B702BFCA1F90012A9FE /* HomepageViewModel.swift */; };
		C0C96B732BFCA20D0012A9FE /* ContactRegisterViewModel.swift in Sources */ = {isa = PBXBuildFile; fileRef = C0C96B722BFCA20D0012A9FE /* ContactRegisterViewModel.swift */; };
		C0C96B752BFCA2200012A9FE /* ContactInfoViewModel.swift in Sources */ = {isa = PBXBuildFile; fileRef = C0C96B742BFCA2200012A9FE /* ContactInfoViewModel.swift */; };
/* End PBXBuildFile section */

/* Begin PBXFileReference section */
		C007ADBB2BEBB22D005D6950 /* ContactsApp.app */ = {isa = PBXFileReference; explicitFileType = wrapper.application; includeInIndex = 0; path = ContactsApp.app; sourceTree = BUILT_PRODUCTS_DIR; };
		C007ADBE2BEBB22D005D6950 /* AppDelegate.swift */ = {isa = PBXFileReference; lastKnownFileType = sourcecode.swift; path = AppDelegate.swift; sourceTree = "<group>"; };
		C007ADC02BEBB22D005D6950 /* SceneDelegate.swift */ = {isa = PBXFileReference; lastKnownFileType = sourcecode.swift; path = SceneDelegate.swift; sourceTree = "<group>"; };
		C007ADC22BEBB22D005D6950 /* Homepage.swift */ = {isa = PBXFileReference; lastKnownFileType = sourcecode.swift; path = Homepage.swift; sourceTree = "<group>"; };
		C007ADC52BEBB22D005D6950 /* Base */ = {isa = PBXFileReference; lastKnownFileType = file.storyboard; name = Base; path = Base.lproj/Main.storyboard; sourceTree = "<group>"; };
		C007ADC72BEBB22F005D6950 /* Assets.xcassets */ = {isa = PBXFileReference; lastKnownFileType = folder.assetcatalog; path = Assets.xcassets; sourceTree = "<group>"; };
		C007ADCA2BEBB22F005D6950 /* Base */ = {isa = PBXFileReference; lastKnownFileType = file.storyboard; name = Base; path = Base.lproj/LaunchScreen.storyboard; sourceTree = "<group>"; };
		C007ADCC2BEBB22F005D6950 /* Info.plist */ = {isa = PBXFileReference; lastKnownFileType = text.plist.xml; path = Info.plist; sourceTree = "<group>"; };
		C007ADD62BEBB3F3005D6950 /* ContactRegisterVC.swift */ = {isa = PBXFileReference; lastKnownFileType = sourcecode.swift; path = ContactRegisterVC.swift; sourceTree = "<group>"; };
		C007ADD92BEBB470005D6950 /* ContactInfoVC.swift */ = {isa = PBXFileReference; lastKnownFileType = sourcecode.swift; path = ContactInfoVC.swift; sourceTree = "<group>"; };
		C007ADDE2BEBC78E005D6950 /* ContactsCell.swift */ = {isa = PBXFileReference; lastKnownFileType = sourcecode.swift; path = ContactsCell.swift; sourceTree = "<group>"; };
		C007ADE12BEBCC7A005D6950 /* Contacts.swift */ = {isa = PBXFileReference; lastKnownFileType = sourcecode.swift; path = Contacts.swift; sourceTree = "<group>"; };
		C0C96B6D2BFCA1AE0012A9FE /* ContactsRepository.swift */ = {isa = PBXFileReference; lastKnownFileType = sourcecode.swift; path = ContactsRepository.swift; sourceTree = "<group>"; };
		C0C96B702BFCA1F90012A9FE /* HomepageViewModel.swift */ = {isa = PBXFileReference; lastKnownFileType = sourcecode.swift; path = HomepageViewModel.swift; sourceTree = "<group>"; };
		C0C96B722BFCA20D0012A9FE /* ContactRegisterViewModel.swift */ = {isa = PBXFileReference; lastKnownFileType = sourcecode.swift; path = ContactRegisterViewModel.swift; sourceTree = "<group>"; };
		C0C96B742BFCA2200012A9FE /* ContactInfoViewModel.swift */ = {isa = PBXFileReference; lastKnownFileType = sourcecode.swift; path = ContactInfoViewModel.swift; sourceTree = "<group>"; };
/* End PBXFileReference section */

/* Begin PBXFrameworksBuildPhase section */
		C007ADB82BEBB22D005D6950 /* Frameworks */ = {
			isa = PBXFrameworksBuildPhase;
			buildActionMask = 2147483647;
			files = (
				C0C96B6B2BFCA1190012A9FE /* RxSwift in Frameworks */,
			);
			runOnlyForDeploymentPostprocessing = 0;
		};
/* End PBXFrameworksBuildPhase section */

/* Begin PBXGroup section */
		C007ADB22BEBB22D005D6950 = {
			isa = PBXGroup;
			children = (
				C007ADBD2BEBB22D005D6950 /* ContactsApp */,
				C007ADBC2BEBB22D005D6950 /* Products */,
				C0C96B692BFCA1190012A9FE /* Frameworks */,
			);
			sourceTree = "<group>";
		};
		C007ADBC2BEBB22D005D6950 /* Products */ = {
			isa = PBXGroup;
			children = (
				C007ADBB2BEBB22D005D6950 /* ContactsApp.app */,
			);
			name = Products;
			sourceTree = "<group>";
		};
		C007ADBD2BEBB22D005D6950 /* ContactsApp */ = {
			isa = PBXGroup;
			children = (
				C007ADBE2BEBB22D005D6950 /* AppDelegate.swift */,
				C007ADC02BEBB22D005D6950 /* SceneDelegate.swift */,
				C007ADE02BEBCC2D005D6950 /* entity */,
				C007ADDC2BEBC731005D6950 /* ui */,
				C007ADD82BEBB445005D6950 /* views */,
				C007ADC42BEBB22D005D6950 /* Main.storyboard */,
				C007ADC72BEBB22F005D6950 /* Assets.xcassets */,
				C007ADC92BEBB22F005D6950 /* LaunchScreen.storyboard */,
				C007ADCC2BEBB22F005D6950 /* Info.plist */,
			);
			path = ContactsApp;
			sourceTree = "<group>";
		};
		C007ADD82BEBB445005D6950 /* views */ = {
			isa = PBXGroup;
			children = (
				C007ADD62BEBB3F3005D6950 /* ContactRegisterVC.swift */,
				C007ADC22BEBB22D005D6950 /* Homepage.swift */,
				C007ADD92BEBB470005D6950 /* ContactInfoVC.swift */,
			);
			path = views;
			sourceTree = "<group>";
		};
		C007ADDC2BEBC731005D6950 /* ui */ = {
			isa = PBXGroup;
			children = (
				C0C96B6F2BFCA1D60012A9FE /* viewmodel */,
				C007ADDD2BEBC743005D6950 /* tableview */,
			);
			path = ui;
			sourceTree = "<group>";
		};
		C007ADDD2BEBC743005D6950 /* tableview */ = {
			isa = PBXGroup;
			children = (
				C007ADDE2BEBC78E005D6950 /* ContactsCell.swift */,
			);
			path = tableview;
			sourceTree = "<group>";
		};
		C007ADE02BEBCC2D005D6950 /* entity */ = {
			isa = PBXGroup;
			children = (
				C0C96B6C2BFCA1970012A9FE /* Repo */,
				C007ADE12BEBCC7A005D6950 /* Contacts.swift */,
			);
			path = entity;
			sourceTree = "<group>";
		};
		C0C96B692BFCA1190012A9FE /* Frameworks */ = {
			isa = PBXGroup;
			children = (
			);
			name = Frameworks;
			sourceTree = "<group>";
		};
		C0C96B6C2BFCA1970012A9FE /* Repo */ = {
			isa = PBXGroup;
			children = (
				C0C96B6D2BFCA1AE0012A9FE /* ContactsRepository.swift */,
			);
			path = Repo;
			sourceTree = "<group>";
		};
		C0C96B6F2BFCA1D60012A9FE /* viewmodel */ = {
			isa = PBXGroup;
			children = (
				C0C96B702BFCA1F90012A9FE /* HomepageViewModel.swift */,
				C0C96B722BFCA20D0012A9FE /* ContactRegisterViewModel.swift */,
				C0C96B742BFCA2200012A9FE /* ContactInfoViewModel.swift */,
			);
			path = viewmodel;
			sourceTree = "<group>";
		};
/* End PBXGroup section */

/* Begin PBXNativeTarget section */
		C007ADBA2BEBB22D005D6950 /* ContactsApp */ = {
			isa = PBXNativeTarget;
			buildConfigurationList = C007ADCF2BEBB22F005D6950 /* Build configuration list for PBXNativeTarget "ContactsApp" */;
			buildPhases = (
				C007ADB72BEBB22D005D6950 /* Sources */,
				C007ADB82BEBB22D005D6950 /* Frameworks */,
				C007ADB92BEBB22D005D6950 /* Resources */,
			);
			buildRules = (
			);
			dependencies = (
			);
			name = ContactsApp;
			packageProductDependencies = (
				C0C96B6A2BFCA1190012A9FE /* RxSwift */,
			);
			productName = ContactsApp;
			productReference = C007ADBB2BEBB22D005D6950 /* ContactsApp.app */;
			productType = "com.apple.product-type.application";
		};
/* End PBXNativeTarget section */

/* Begin PBXProject section */
		C007ADB32BEBB22D005D6950 /* Project object */ = {
			isa = PBXProject;
			attributes = {
				BuildIndependentTargetsInParallel = 1;
				LastSwiftUpdateCheck = 1530;
				LastUpgradeCheck = 1530;
				TargetAttributes = {
					C007ADBA2BEBB22D005D6950 = {
						CreatedOnToolsVersion = 15.3;
					};
				};
			};
			buildConfigurationList = C007ADB62BEBB22D005D6950 /* Build configuration list for PBXProject "ContactsApp" */;
			compatibilityVersion = "Xcode 14.0";
			developmentRegion = en;
			hasScannedForEncodings = 0;
			knownRegions = (
				en,
				Base,
			);
			mainGroup = C007ADB22BEBB22D005D6950;
			packageReferences = (
				C0C96B682BFCA0FF0012A9FE /* XCRemoteSwiftPackageReference "RxSwift" */,
			);
			productRefGroup = C007ADBC2BEBB22D005D6950 /* Products */;
			projectDirPath = "";
			projectRoot = "";
			targets = (
				C007ADBA2BEBB22D005D6950 /* ContactsApp */,
			);
		};
/* End PBXProject section */

/* Begin PBXResourcesBuildPhase section */
		C007ADB92BEBB22D005D6950 /* Resources */ = {
			isa = PBXResourcesBuildPhase;
			buildActionMask = 2147483647;
			files = (
				C007ADC82BEBB22F005D6950 /* Assets.xcassets in Resources */,
				C007ADCB2BEBB22F005D6950 /* Base in Resources */,
				C007ADC62BEBB22D005D6950 /* Base in Resources */,
			);
			runOnlyForDeploymentPostprocessing = 0;
		};
/* End PBXResourcesBuildPhase section */

/* Begin PBXSourcesBuildPhase section */
		C007ADB72BEBB22D005D6950 /* Sources */ = {
			isa = PBXSourcesBuildPhase;
			buildActionMask = 2147483647;
			files = (
				C007ADC32BEBB22D005D6950 /* Homepage.swift in Sources */,
				C0C96B752BFCA2200012A9FE /* ContactInfoViewModel.swift in Sources */,
				C007ADBF2BEBB22D005D6950 /* AppDelegate.swift in Sources */,
				C0C96B6E2BFCA1AE0012A9FE /* ContactsRepository.swift in Sources */,
				C007ADDF2BEBC78E005D6950 /* ContactsCell.swift in Sources */,
				C0C96B732BFCA20D0012A9FE /* ContactRegisterViewModel.swift in Sources */,
				C0C96B712BFCA1F90012A9FE /* HomepageViewModel.swift in Sources */,
				C007ADD72BEBB3F3005D6950 /* ContactRegisterVC.swift in Sources */,
				C007ADC12BEBB22D005D6950 /* SceneDelegate.swift in Sources */,
				C007ADDA2BEBB470005D6950 /* ContactInfoVC.swift in Sources */,
				C007ADE22BEBCC7A005D6950 /* Contacts.swift in Sources */,
			);
			runOnlyForDeploymentPostprocessing = 0;
		};
/* End PBXSourcesBuildPhase section */

/* Begin PBXVariantGroup section */
		C007ADC42BEBB22D005D6950 /* Main.storyboard */ = {
			isa = PBXVariantGroup;
			children = (
				C007ADC52BEBB22D005D6950 /* Base */,
			);
			name = Main.storyboard;
			sourceTree = "<group>";
		};
		C007ADC92BEBB22F005D6950 /* LaunchScreen.storyboard */ = {
			isa = PBXVariantGroup;
			children = (
				C007ADCA2BEBB22F005D6950 /* Base */,
			);
			name = LaunchScreen.storyboard;
			sourceTree = "<group>";
		};
/* End PBXVariantGroup section */

/* Begin XCBuildConfiguration section */
		C007ADCD2BEBB22F005D6950 /* Debug */ = {
			isa = XCBuildConfiguration;
			buildSettings = {
				ALWAYS_SEARCH_USER_PATHS = NO;
				ASSETCATALOG_COMPILER_GENERATE_SWIFT_ASSET_SYMBOL_EXTENSIONS = YES;
				CLANG_ANALYZER_NONNULL = YES;
				CLANG_ANALYZER_NUMBER_OBJECT_CONVERSION = YES_AGGRESSIVE;
				CLANG_CXX_LANGUAGE_STANDARD = "gnu++20";
				CLANG_ENABLE_MODULES = YES;
				CLANG_ENABLE_OBJC_ARC = YES;
				CLANG_ENABLE_OBJC_WEAK = YES;
				CLANG_WARN_BLOCK_CAPTURE_AUTORELEASING = YES;
				CLANG_WARN_BOOL_CONVERSION = YES;
				CLANG_WARN_COMMA = YES;
				CLANG_WARN_CONSTANT_CONVERSION = YES;
				CLANG_WARN_DEPRECATED_OBJC_IMPLEMENTATIONS = YES;
				CLANG_WARN_DIRECT_OBJC_ISA_USAGE = YES_ERROR;
				CLANG_WARN_DOCUMENTATION_COMMENTS = YES;
				CLANG_WARN_EMPTY_BODY = YES;
				CLANG_WARN_ENUM_CONVERSION = YES;
				CLANG_WARN_INFINITE_RECURSION = YES;
				CLANG_WARN_INT_CONVERSION = YES;
				CLANG_WARN_NON_LITERAL_NULL_CONVERSION = YES;
				CLANG_WARN_OBJC_IMPLICIT_RETAIN_SELF = YES;
				CLANG_WARN_OBJC_LITERAL_CONVERSION = YES;
				CLANG_WARN_OBJC_ROOT_CLASS = YES_ERROR;
				CLANG_WARN_QUOTED_INCLUDE_IN_FRAMEWORK_HEADER = YES;
				CLANG_WARN_RANGE_LOOP_ANALYSIS = YES;
				CLANG_WARN_STRICT_PROTOTYPES = YES;
				CLANG_WARN_SUSPICIOUS_MOVE = YES;
				CLANG_WARN_UNGUARDED_AVAILABILITY = YES_AGGRESSIVE;
				CLANG_WARN_UNREACHABLE_CODE = YES;
				CLANG_WARN__DUPLICATE_METHOD_MATCH = YES;
				COPY_PHASE_STRIP = NO;
				DEBUG_INFORMATION_FORMAT = dwarf;
				ENABLE_STRICT_OBJC_MSGSEND = YES;
				ENABLE_TESTABILITY = YES;
				ENABLE_USER_SCRIPT_SANDBOXING = YES;
				GCC_C_LANGUAGE_STANDARD = gnu17;
				GCC_DYNAMIC_NO_PIC = NO;
				GCC_NO_COMMON_BLOCKS = YES;
				GCC_OPTIMIZATION_LEVEL = 0;
				GCC_PREPROCESSOR_DEFINITIONS = (
					"DEBUG=1",
					"$(inherited)",
				);
				GCC_WARN_64_TO_32_BIT_CONVERSION = YES;
				GCC_WARN_ABOUT_RETURN_TYPE = YES_ERROR;
				GCC_WARN_UNDECLARED_SELECTOR = YES;
				GCC_WARN_UNINITIALIZED_AUTOS = YES_AGGRESSIVE;
				GCC_WARN_UNUSED_FUNCTION = YES;
				GCC_WARN_UNUSED_VARIABLE = YES;
				IPHONEOS_DEPLOYMENT_TARGET = 17.4;
				LOCALIZATION_PREFERS_STRING_CATALOGS = YES;
				MTL_ENABLE_DEBUG_INFO = INCLUDE_SOURCE;
				MTL_FAST_MATH = YES;
				ONLY_ACTIVE_ARCH = YES;
				SDKROOT = iphoneos;
				SWIFT_ACTIVE_COMPILATION_CONDITIONS = "DEBUG $(inherited)";
				SWIFT_OPTIMIZATION_LEVEL = "-Onone";
			};
			name = Debug;
		};
		C007ADCE2BEBB22F005D6950 /* Release */ = {
			isa = XCBuildConfiguration;
			buildSettings = {
				ALWAYS_SEARCH_USER_PATHS = NO;
				ASSETCATALOG_COMPILER_GENERATE_SWIFT_ASSET_SYMBOL_EXTENSIONS = YES;
				CLANG_ANALYZER_NONNULL = YES;
				CLANG_ANALYZER_NUMBER_OBJECT_CONVERSION = YES_AGGRESSIVE;
				CLANG_CXX_LANGUAGE_STANDARD = "gnu++20";
				CLANG_ENABLE_MODULES = YES;
				CLANG_ENABLE_OBJC_ARC = YES;
				CLANG_ENABLE_OBJC_WEAK = YES;
				CLANG_WARN_BLOCK_CAPTURE_AUTORELEASING = YES;
				CLANG_WARN_BOOL_CONVERSION = YES;
				CLANG_WARN_COMMA = YES;
				CLANG_WARN_CONSTANT_CONVERSION = YES;
				CLANG_WARN_DEPRECATED_OBJC_IMPLEMENTATIONS = YES;
				CLANG_WARN_DIRECT_OBJC_ISA_USAGE = YES_ERROR;
				CLANG_WARN_DOCUMENTATION_COMMENTS = YES;
				CLANG_WARN_EMPTY_BODY = YES;
				CLANG_WARN_ENUM_CONVERSION = YES;
				CLANG_WARN_INFINITE_RECURSION = YES;
				CLANG_WARN_INT_CONVERSION = YES;
				CLANG_WARN_NON_LITERAL_NULL_CONVERSION = YES;
				CLANG_WARN_OBJC_IMPLICIT_RETAIN_SELF = YES;
				CLANG_WARN_OBJC_LITERAL_CONVERSION = YES;
				CLANG_WARN_OBJC_ROOT_CLASS = YES_ERROR;
				CLANG_WARN_QUOTED_INCLUDE_IN_FRAMEWORK_HEADER = YES;
				CLANG_WARN_RANGE_LOOP_ANALYSIS = YES;
				CLANG_WARN_STRICT_PROTOTYPES = YES;
				CLANG_WARN_SUSPICIOUS_MOVE = YES;
				CLANG_WARN_UNGUARDED_AVAILABILITY = YES_AGGRESSIVE;
				CLANG_WARN_UNREACHABLE_CODE = YES;
				CLANG_WARN__DUPLICATE_METHOD_MATCH = YES;
				COPY_PHASE_STRIP = NO;
				DEBUG_INFORMATION_FORMAT = "dwarf-with-dsym";
				ENABLE_NS_ASSERTIONS = NO;
				ENABLE_STRICT_OBJC_MSGSEND = YES;
				ENABLE_USER_SCRIPT_SANDBOXING = YES;
				GCC_C_LANGUAGE_STANDARD = gnu17;
				GCC_NO_COMMON_BLOCKS = YES;
				GCC_WARN_64_TO_32_BIT_CONVERSION = YES;
				GCC_WARN_ABOUT_RETURN_TYPE = YES_ERROR;
				GCC_WARN_UNDECLARED_SELECTOR = YES;
				GCC_WARN_UNINITIALIZED_AUTOS = YES_AGGRESSIVE;
				GCC_WARN_UNUSED_FUNCTION = YES;
				GCC_WARN_UNUSED_VARIABLE = YES;
				IPHONEOS_DEPLOYMENT_TARGET = 17.4;
				LOCALIZATION_PREFERS_STRING_CATALOGS = YES;
				MTL_ENABLE_DEBUG_INFO = NO;
				MTL_FAST_MATH = YES;
				SDKROOT = iphoneos;
				SWIFT_COMPILATION_MODE = wholemodule;
				VALIDATE_PRODUCT = YES;
			};
			name = Release;
		};
		C007ADD02BEBB22F005D6950 /* Debug */ = {
			isa = XCBuildConfiguration;
			buildSettings = {
				ASSETCATALOG_COMPILER_APPICON_NAME = AppIcon;
				ASSETCATALOG_COMPILER_GLOBAL_ACCENT_COLOR_NAME = AccentColor;
				CODE_SIGN_STYLE = Automatic;
				CURRENT_PROJECT_VERSION = 1;
				GENERATE_INFOPLIST_FILE = YES;
				INFOPLIST_FILE = ContactsApp/Info.plist;
				INFOPLIST_KEY_UIApplicationSupportsIndirectInputEvents = YES;
				INFOPLIST_KEY_UILaunchStoryboardName = LaunchScreen;
				INFOPLIST_KEY_UIMainStoryboardFile = Main;
				INFOPLIST_KEY_UISupportedInterfaceOrientations_iPad = "UIInterfaceOrientationPortrait UIInterfaceOrientationPortraitUpsideDown UIInterfaceOrientationLandscapeLeft UIInterfaceOrientationLandscapeRight";
				INFOPLIST_KEY_UISupportedInterfaceOrientations_iPhone = "UIInterfaceOrientationPortrait UIInterfaceOrientationLandscapeLeft UIInterfaceOrientationLandscapeRight";
				LD_RUNPATH_SEARCH_PATHS = (
					"$(inherited)",
					"@executable_path/Frameworks",
				);
				MARKETING_VERSION = 1.0;
				PRODUCT_BUNDLE_IDENTIFIER = com.aktar.ContactsApp;
				PRODUCT_NAME = "$(TARGET_NAME)";
				SWIFT_EMIT_LOC_STRINGS = YES;
				SWIFT_VERSION = 5.0;
				TARGETED_DEVICE_FAMILY = "1,2";
			};
			name = Debug;
		};
		C007ADD12BEBB22F005D6950 /* Release */ = {
			isa = XCBuildConfiguration;
			buildSettings = {
				ASSETCATALOG_COMPILER_APPICON_NAME = AppIcon;
				ASSETCATALOG_COMPILER_GLOBAL_ACCENT_COLOR_NAME = AccentColor;
				CODE_SIGN_STYLE = Automatic;
				CURRENT_PROJECT_VERSION = 1;
				GENERATE_INFOPLIST_FILE = YES;
				INFOPLIST_FILE = ContactsApp/Info.plist;
				INFOPLIST_KEY_UIApplicationSupportsIndirectInputEvents = YES;
				INFOPLIST_KEY_UILaunchStoryboardName = LaunchScreen;
				INFOPLIST_KEY_UIMainStoryboardFile = Main;
				INFOPLIST_KEY_UISupportedInterfaceOrientations_iPad = "UIInterfaceOrientationPortrait UIInterfaceOrientationPortraitUpsideDown UIInterfaceOrientationLandscapeLeft UIInterfaceOrientationLandscapeRight";
				INFOPLIST_KEY_UISupportedInterfaceOrientations_iPhone = "UIInterfaceOrientationPortrait UIInterfaceOrientationLandscapeLeft UIInterfaceOrientationLandscapeRight";
				LD_RUNPATH_SEARCH_PATHS = (
					"$(inherited)",
					"@executable_path/Frameworks",
				);
				MARKETING_VERSION = 1.0;
				PRODUCT_BUNDLE_IDENTIFIER = com.aktar.ContactsApp;
				PRODUCT_NAME = "$(TARGET_NAME)";
				SWIFT_EMIT_LOC_STRINGS = YES;
				SWIFT_VERSION = 5.0;
				TARGETED_DEVICE_FAMILY = "1,2";
			};
			name = Release;
		};
/* End XCBuildConfiguration section */

/* Begin XCConfigurationList section */
		C007ADB62BEBB22D005D6950 /* Build configuration list for PBXProject "ContactsApp" */ = {
			isa = XCConfigurationList;
			buildConfigurations = (
				C007ADCD2BEBB22F005D6950 /* Debug */,
				C007ADCE2BEBB22F005D6950 /* Release */,
			);
			defaultConfigurationIsVisible = 0;
			defaultConfigurationName = Release;
		};
		C007ADCF2BEBB22F005D6950 /* Build configuration list for PBXNativeTarget "ContactsApp" */ = {
			isa = XCConfigurationList;
			buildConfigurations = (
				C007ADD02BEBB22F005D6950 /* Debug */,
				C007ADD12BEBB22F005D6950 /* Release */,
			);
			defaultConfigurationIsVisible = 0;
			defaultConfigurationName = Release;
		};
/* End XCConfigurationList section */

/* Begin XCRemoteSwiftPackageReference section */
		C0C96B682BFCA0FF0012A9FE /* XCRemoteSwiftPackageReference "RxSwift" */ = {
			isa = XCRemoteSwiftPackageReference;
			repositoryURL = "https://github.com/ReactiveX/RxSwift";
			requirement = {
				kind = upToNextMajorVersion;
				minimumVersion = 6.7.1;
			};
		};
/* End XCRemoteSwiftPackageReference section */

/* Begin XCSwiftPackageProductDependency section */
		C0C96B6A2BFCA1190012A9FE /* RxSwift */ = {
			isa = XCSwiftPackageProductDependency;
			package = C0C96B682BFCA0FF0012A9FE /* XCRemoteSwiftPackageReference "RxSwift" */;
			productName = RxSwift;
		};
/* End XCSwiftPackageProductDependency section */
	};
	rootObject = C007ADB32BEBB22D005D6950 /* Project object */;
}
